
Microsoft Visual Studio Solution File, Format Version 12.00
# Visual Studio Version 17
VisualStudioVersion = 17.5.2.0
MinimumVisualStudioVersion = 10.0.40219.1
Project("{9A19103F-16F7-4668-BE54-9A1E7A4F7556}") = "storage-labels-api", "storage-labels-api\storage-labels-api.csproj", "{6F81F22E-16B6-4BB5-B82F-6BF86A2FAF03}"
EndProject
Project("{FAE04EC0-301F-11D3-BF4B-00C04F79EFBC}") = "storage-labels-api.Tests", "storage-labels-api.Tests\storage-labels-api.Tests.csproj", "{B2FAD02E-1B78-4D2B-A0D5-79C74067F453}"
EndProject
Global
	GlobalSection(SolutionConfigurationPlatforms) = preSolution
		Debug|Any CPU = Debug|Any CPU
		Debug|x64 = Debug|x64
		Debug|x86 = Debug|x86
		Release|Any CPU = Release|Any CPU
		Release|x64 = Release|x64
		Release|x86 = Release|x86
	EndGlobalSection
	GlobalSection(ProjectConfigurationPlatforms) = postSolution
		{6F81F22E-16B6-4BB5-B82F-6BF86A2FAF03}.Debug|Any CPU.ActiveCfg = Debug|Any CPU
		{6F81F22E-16B6-4BB5-B82F-6BF86A2FAF03}.Debug|Any CPU.Build.0 = Debug|Any CPU
		{6F81F22E-16B6-4BB5-B82F-6BF86A2FAF03}.Debug|x64.ActiveCfg = Debug|Any CPU
		{6F81F22E-16B6-4BB5-B82F-6BF86A2FAF03}.Debug|x64.Build.0 = Debug|Any CPU
		{6F81F22E-16B6-4BB5-B82F-6BF86A2FAF03}.Debug|x86.ActiveCfg = Debug|Any CPU
		{6F81F22E-16B6-4BB5-B82F-6BF86A2FAF03}.Debug|x86.Build.0 = Debug|Any CPU
		{6F81F22E-16B6-4BB5-B82F-6BF86A2FAF03}.Release|Any CPU.ActiveCfg = Release|Any CPU
		{6F81F22E-16B6-4BB5-B82F-6BF86A2FAF03}.Release|Any CPU.Build.0 = Release|Any CPU
		{6F81F22E-16B6-4BB5-B82F-6BF86A2FAF03}.Release|x64.ActiveCfg = Release|Any CPU
		{6F81F22E-16B6-4BB5-B82F-6BF86A2FAF03}.Release|x64.Build.0 = Release|Any CPU
		{6F81F22E-16B6-4BB5-B82F-6BF86A2FAF03}.Release|x86.ActiveCfg = Release|Any CPU
		{6F81F22E-16B6-4BB5-B82F-6BF86A2FAF03}.Release|x86.Build.0 = Release|Any CPU
		{B2FAD02E-1B78-4D2B-A0D5-79C74067F453}.Debug|Any CPU.ActiveCfg = Debug|Any CPU
		{B2FAD02E-1B78-4D2B-A0D5-79C74067F453}.Debug|Any CPU.Build.0 = Debug|Any CPU
		{B2FAD02E-1B78-4D2B-A0D5-79C74067F453}.Debug|x64.ActiveCfg = Debug|Any CPU
		{B2FAD02E-1B78-4D2B-A0D5-79C74067F453}.Debug|x64.Build.0 = Debug|Any CPU
		{B2FAD02E-1B78-4D2B-A0D5-79C74067F453}.Debug|x86.ActiveCfg = Debug|Any CPU
		{B2FAD02E-1B78-4D2B-A0D5-79C74067F453}.Debug|x86.Build.0 = Debug|Any CPU
		{B2FAD02E-1B78-4D2B-A0D5-79C74067F453}.Release|Any CPU.ActiveCfg = Release|Any CPU
		{B2FAD02E-1B78-4D2B-A0D5-79C74067F453}.Release|Any CPU.Build.0 = Release|Any CPU
		{B2FAD02E-1B78-4D2B-A0D5-79C74067F453}.Release|x64.ActiveCfg = Release|Any CPU
		{B2FAD02E-1B78-4D2B-A0D5-79C74067F453}.Release|x64.Build.0 = Release|Any CPU
		{B2FAD02E-1B78-4D2B-A0D5-79C74067F453}.Release|x86.ActiveCfg = Release|Any CPU
		{B2FAD02E-1B78-4D2B-A0D5-79C74067F453}.Release|x86.Build.0 = Release|Any CPU
	EndGlobalSection
	GlobalSection(SolutionProperties) = preSolution
		HideSolutionNode = FALSE
	EndGlobalSection
	GlobalSection(ExtensibilityGlobals) = postSolution
		SolutionGuid = {971513FA-8413-4183-BA2E-90126FB9ED83}
	EndGlobalSection
EndGlobal
