Microsoft Visual Studio Solution File, Format Version 12.00
# Visual Studio Version 17
VisualStudioVersion = 17.5.2.0
MinimumVisualStudioVersion = 10.0.40219.1
Project("{FAE04EC0-301F-11D3-BF4B-00C04F79EFBC}") = "storage-labels-api", "storage-labels-api.csproj", "{A324DC11-9CDE-DEBA-D39C-B6C3FFC6C157}"
EndProject
Global
	GlobalSection(SolutionConfigurationPlatforms) = preSolution
		Debug|Any CPU = Debug|Any CPU
		Release|Any CPU = Release|Any CPU
	EndGlobalSection
	GlobalSection(ProjectConfigurationPlatforms) = postSolution
		{A324DC11-9CDE-DEBA-D39C-B6C3FFC6C157}.Debug|Any CPU.ActiveCfg = Debug|Any CPU
		{A324DC11-9CDE-DEBA-D39C-B6C3FFC6C157}.Debug|Any CPU.Build.0 = Debug|Any CPU
		{A324DC11-9CDE-DEBA-D39C-B6C3FFC6C157}.Release|Any CPU.ActiveCfg = Release|Any CPU
		{A324DC11-9CDE-DEBA-D39C-B6C3FFC6C157}.Release|Any CPU.Build.0 = Release|Any CPU
	EndGlobalSection
	GlobalSection(SolutionProperties) = preSolution
		HideSolutionNode = FALSE
	EndGlobalSection
	GlobalSection(ExtensibilityGlobals) = postSolution
		SolutionGuid = {72492E08-DEF6-4490-9309-29A3FF602167}
	EndGlobalSection
EndGlobal
